
Microsoft Visual Studio Solution File, Format Version 12.00
# Visual Studio 15
VisualStudioVersion = 15.0.27130.2003
MinimumVisualStudioVersion = 10.0.40219.1
Project("{9A19103F-16F7-4668-BE54-9A1E7A4F7556}") = "DbUp", "DbUp\DbUp.csproj", "{E1E8F76D-D165-4B59-AEBB-2A7722361515}"
EndProject
Project("{9A19103F-16F7-4668-BE54-9A1E7A4F7556}") = "DatabaseRepositoryTestclient", "DatabaseRepositoryTestclient\DatabaseRepositoryTestclient.csproj", "{E4514331-5FDC-408D-BD7C-D9F9328EAF7F}"
EndProject
Project("{9A19103F-16F7-4668-BE54-9A1E7A4F7556}") = "DbRepository", "DbRepository\DbRepository.csproj", "{89194CF6-81B3-43E9-B920-7AB4CC681C41}"
EndProject
Project("{9A19103F-16F7-4668-BE54-9A1E7A4F7556}") = "PaymentProvider", "PaymentProvider\PaymentProvider.csproj", "{A00E3325-B5E6-4D70-B0A7-C4DDADAF8FE0}"
EndProject
Global
	GlobalSection(SolutionConfigurationPlatforms) = preSolution
		Debug|Any CPU = Debug|Any CPU
		Release|Any CPU = Release|Any CPU
	EndGlobalSection
	GlobalSection(ProjectConfigurationPlatforms) = postSolution
		{E1E8F76D-D165-4B59-AEBB-2A7722361515}.Debug|Any CPU.ActiveCfg = Debug|Any CPU
		{E1E8F76D-D165-4B59-AEBB-2A7722361515}.Debug|Any CPU.Build.0 = Debug|Any CPU
		{E1E8F76D-D165-4B59-AEBB-2A7722361515}.Release|Any CPU.ActiveCfg = Release|Any CPU
		{E1E8F76D-D165-4B59-AEBB-2A7722361515}.Release|Any CPU.Build.0 = Release|Any CPU
		{E4514331-5FDC-408D-BD7C-D9F9328EAF7F}.Debug|Any CPU.ActiveCfg = Debug|Any CPU
		{E4514331-5FDC-408D-BD7C-D9F9328EAF7F}.Debug|Any CPU.Build.0 = Debug|Any CPU
		{E4514331-5FDC-408D-BD7C-D9F9328EAF7F}.Release|Any CPU.ActiveCfg = Release|Any CPU
		{E4514331-5FDC-408D-BD7C-D9F9328EAF7F}.Release|Any CPU.Build.0 = Release|Any CPU
		{89194CF6-81B3-43E9-B920-7AB4CC681C41}.Debug|Any CPU.ActiveCfg = Debug|Any CPU
		{89194CF6-81B3-43E9-B920-7AB4CC681C41}.Debug|Any CPU.Build.0 = Debug|Any CPU
		{89194CF6-81B3-43E9-B920-7AB4CC681C41}.Release|Any CPU.ActiveCfg = Release|Any CPU
		{89194CF6-81B3-43E9-B920-7AB4CC681C41}.Release|Any CPU.Build.0 = Release|Any CPU
		{A00E3325-B5E6-4D70-B0A7-C4DDADAF8FE0}.Debug|Any CPU.ActiveCfg = Debug|Any CPU
		{A00E3325-B5E6-4D70-B0A7-C4DDADAF8FE0}.Debug|Any CPU.Build.0 = Debug|Any CPU
		{A00E3325-B5E6-4D70-B0A7-C4DDADAF8FE0}.Release|Any CPU.ActiveCfg = Release|Any CPU
		{A00E3325-B5E6-4D70-B0A7-C4DDADAF8FE0}.Release|Any CPU.Build.0 = Release|Any CPU
	EndGlobalSection
	GlobalSection(SolutionProperties) = preSolution
		HideSolutionNode = FALSE
	EndGlobalSection
	GlobalSection(ExtensibilityGlobals) = postSolution
		SolutionGuid = {69206863-209D-4F59-83CF-1295A2B99677}
	EndGlobalSection
EndGlobal
