
Microsoft Visual Studio Solution File, Format Version 12.00
# Visual Studio 15
VisualStudioVersion = 15.0.27130.2003
MinimumVisualStudioVersion = 10.0.40219.1
Project("{9A19103F-16F7-4668-BE54-9A1E7A4F7556}") = "PaymentProvider", "PaymentProvider\PaymentProvider.csproj", "{57C5E6A3-A743-48A6-BE15-A581F201A15C}"
EndProject
Project("{9A19103F-16F7-4668-BE54-9A1E7A4F7556}") = "TicketApi", "TicketApi\TicketApi.csproj", "{BF92A61E-18FD-423A-AA9C-36CA5C1BBC58}"
EndProject
Project("{9A19103F-16F7-4668-BE54-9A1E7A4F7556}") = "DbRepository", "DbRepository\DbRepository.csproj", "{B8D0921E-D69B-4C7F-87D6-46779F8448DB}"
EndProject
Global
	GlobalSection(SolutionConfigurationPlatforms) = preSolution
		Debug|Any CPU = Debug|Any CPU
		Release|Any CPU = Release|Any CPU
	EndGlobalSection
	GlobalSection(ProjectConfigurationPlatforms) = postSolution
		{57C5E6A3-A743-48A6-BE15-A581F201A15C}.Debug|Any CPU.ActiveCfg = Debug|Any CPU
		{57C5E6A3-A743-48A6-BE15-A581F201A15C}.Debug|Any CPU.Build.0 = Debug|Any CPU
		{57C5E6A3-A743-48A6-BE15-A581F201A15C}.Release|Any CPU.ActiveCfg = Release|Any CPU
		{57C5E6A3-A743-48A6-BE15-A581F201A15C}.Release|Any CPU.Build.0 = Release|Any CPU
		{BF92A61E-18FD-423A-AA9C-36CA5C1BBC58}.Debug|Any CPU.ActiveCfg = Debug|Any CPU
		{BF92A61E-18FD-423A-AA9C-36CA5C1BBC58}.Debug|Any CPU.Build.0 = Debug|Any CPU
		{BF92A61E-18FD-423A-AA9C-36CA5C1BBC58}.Release|Any CPU.ActiveCfg = Release|Any CPU
		{BF92A61E-18FD-423A-AA9C-36CA5C1BBC58}.Release|Any CPU.Build.0 = Release|Any CPU
		{B8D0921E-D69B-4C7F-87D6-46779F8448DB}.Debug|Any CPU.ActiveCfg = Debug|Any CPU
		{B8D0921E-D69B-4C7F-87D6-46779F8448DB}.Debug|Any CPU.Build.0 = Debug|Any CPU
		{B8D0921E-D69B-4C7F-87D6-46779F8448DB}.Release|Any CPU.ActiveCfg = Release|Any CPU
		{B8D0921E-D69B-4C7F-87D6-46779F8448DB}.Release|Any CPU.Build.0 = Release|Any CPU
	EndGlobalSection
	GlobalSection(SolutionProperties) = preSolution
		HideSolutionNode = FALSE
	EndGlobalSection
	GlobalSection(ExtensibilityGlobals) = postSolution
		SolutionGuid = {2A4E9A1C-5F3B-4316-8EED-6391D5919C96}
	EndGlobalSection
EndGlobal
